// !$*UTF8*$!
{
	archiveVersion = 1;
	classes = {
	};
	objectVersion = 50;
	objects = {

/* Begin PBXBuildFile section */
		447958AD24D1705000F52848 /* SuperHero.framework in Frameworks */ = {isa = PBXBuildFile; fileRef = 447958A324D1705000F52848 /* SuperHero.framework */; };
		447958B224D1705000F52848 /* SuperHeroTests.swift in Sources */ = {isa = PBXBuildFile; fileRef = 447958B124D1705000F52848 /* SuperHeroTests.swift */; };
		447958B424D1705000F52848 /* SuperHero.h in Headers */ = {isa = PBXBuildFile; fileRef = 447958A624D1705000F52848 /* SuperHero.h */; settings = {ATTRIBUTES = (Public, ); }; };
		447958CC24D1708600F52848 /* SuperHero.swift in Sources */ = {isa = PBXBuildFile; fileRef = 447958CB24D1708600F52848 /* SuperHero.swift */; };
/* End PBXBuildFile section */

/* Begin PBXContainerItemProxy section */
		447958AE24D1705000F52848 /* PBXContainerItemProxy */ = {
			isa = PBXContainerItemProxy;
			containerPortal = 4479589A24D1705000F52848 /* Project object */;
			proxyType = 1;
			remoteGlobalIDString = 447958A224D1705000F52848;
			remoteInfo = SuperHero;
		};
/* End PBXContainerItemProxy section */

/* Begin PBXFileReference section */
		447958A324D1705000F52848 /* SuperHero.framework */ = {isa = PBXFileReference; explicitFileType = wrapper.framework; includeInIndex = 0; path = SuperHero.framework; sourceTree = BUILT_PRODUCTS_DIR; };
		447958A624D1705000F52848 /* SuperHero.h */ = {isa = PBXFileReference; lastKnownFileType = sourcecode.c.h; path = SuperHero.h; sourceTree = "<group>"; };
		447958A724D1705000F52848 /* Info.plist */ = {isa = PBXFileReference; lastKnownFileType = text.plist.xml; path = Info.plist; sourceTree = "<group>"; };
		447958AC24D1705000F52848 /* SuperHeroTests.xctest */ = {isa = PBXFileReference; explicitFileType = wrapper.cfbundle; includeInIndex = 0; path = SuperHeroTests.xctest; sourceTree = BUILT_PRODUCTS_DIR; };
		447958B124D1705000F52848 /* SuperHeroTests.swift */ = {isa = PBXFileReference; lastKnownFileType = sourcecode.swift; path = SuperHeroTests.swift; sourceTree = "<group>"; };
		447958B324D1705000F52848 /* Info.plist */ = {isa = PBXFileReference; lastKnownFileType = text.plist.xml; path = Info.plist; sourceTree = "<group>"; };
		447958CB24D1708600F52848 /* SuperHero.swift */ = {isa = PBXFileReference; lastKnownFileType = sourcecode.swift; path = SuperHero.swift; sourceTree = "<group>"; };
/* End PBXFileReference section */

/* Begin PBXFrameworksBuildPhase section */
		447958A024D1705000F52848 /* Frameworks */ = {
			isa = PBXFrameworksBuildPhase;
			buildActionMask = 2147483647;
			files = (
			);
			runOnlyForDeploymentPostprocessing = 0;
		};
		447958A924D1705000F52848 /* Frameworks */ = {
			isa = PBXFrameworksBuildPhase;
			buildActionMask = 2147483647;
			files = (
				447958AD24D1705000F52848 /* SuperHero.framework in Frameworks */,
			);
			runOnlyForDeploymentPostprocessing = 0;
		};
/* End PBXFrameworksBuildPhase section */

/* Begin PBXGroup section */
		4479589924D1705000F52848 = {
			isa = PBXGroup;
			children = (
				447958A524D1705000F52848 /* SuperHero */,
				447958B024D1705000F52848 /* SuperHeroTests */,
				447958A424D1705000F52848 /* Products */,
			);
			sourceTree = "<group>";
		};
		447958A424D1705000F52848 /* Products */ = {
			isa = PBXGroup;
			children = (
				447958A324D1705000F52848 /* SuperHero.framework */,
				447958AC24D1705000F52848 /* SuperHeroTests.xctest */,
			);
			name = Products;
			sourceTree = "<group>";
		};
		447958A524D1705000F52848 /* SuperHero */ = {
			isa = PBXGroup;
			children = (
				447958A624D1705000F52848 /* SuperHero.h */,
				447958A724D1705000F52848 /* Info.plist */,
				447958CB24D1708600F52848 /* SuperHero.swift */,
			);
			path = SuperHero;
			sourceTree = "<group>";
		};
		447958B024D1705000F52848 /* SuperHeroTests */ = {
			isa = PBXGroup;
			children = (
				447958B124D1705000F52848 /* SuperHeroTests.swift */,
				447958B324D1705000F52848 /* Info.plist */,
			);
			path = SuperHeroTests;
			sourceTree = "<group>";
		};
/* End PBXGroup section */

/* Begin PBXHeadersBuildPhase section */
		4479589E24D1705000F52848 /* Headers */ = {
			isa = PBXHeadersBuildPhase;
			buildActionMask = 2147483647;
			files = (
				447958B424D1705000F52848 /* SuperHero.h in Headers */,
			);
			runOnlyForDeploymentPostprocessing = 0;
		};
/* End PBXHeadersBuildPhase section */

/* Begin PBXNativeTarget section */
		447958A224D1705000F52848 /* SuperHero */ = {
			isa = PBXNativeTarget;
			buildConfigurationList = 447958B724D1705000F52848 /* Build configuration list for PBXNativeTarget "SuperHero" */;
			buildPhases = (
				4479589E24D1705000F52848 /* Headers */,
				4479589F24D1705000F52848 /* Sources */,
				447958A024D1705000F52848 /* Frameworks */,
				447958A124D1705000F52848 /* Resources */,
			);
			buildRules = (
			);
			dependencies = (
			);
			name = SuperHero;
			productName = SuperHero;
			productReference = 447958A324D1705000F52848 /* SuperHero.framework */;
			productType = "com.apple.product-type.framework";
		};
		447958AB24D1705000F52848 /* SuperHeroTests */ = {
			isa = PBXNativeTarget;
			buildConfigurationList = 447958BA24D1705000F52848 /* Build configuration list for PBXNativeTarget "SuperHeroTests" */;
			buildPhases = (
				447958A824D1705000F52848 /* Sources */,
				447958A924D1705000F52848 /* Frameworks */,
				447958AA24D1705000F52848 /* Resources */,
			);
			buildRules = (
			);
			dependencies = (
				447958AF24D1705000F52848 /* PBXTargetDependency */,
			);
			name = SuperHeroTests;
			productName = SuperHeroTests;
			productReference = 447958AC24D1705000F52848 /* SuperHeroTests.xctest */;
			productType = "com.apple.product-type.bundle.unit-test";
		};
/* End PBXNativeTarget section */

/* Begin PBXProject section */
		4479589A24D1705000F52848 /* Project object */ = {
			isa = PBXProject;
			attributes = {
				LastSwiftUpdateCheck = 1130;
				LastUpgradeCheck = 1130;
				ORGANIZATIONNAME = "Thongpak Pongsilathong";
				TargetAttributes = {
					447958A224D1705000F52848 = {
						CreatedOnToolsVersion = 11.3.1;
						LastSwiftMigration = 1130;
					};
					447958AB24D1705000F52848 = {
						CreatedOnToolsVersion = 11.3.1;
					};
				};
			};
			buildConfigurationList = 4479589D24D1705000F52848 /* Build configuration list for PBXProject "SuperHero" */;
			compatibilityVersion = "Xcode 9.3";
			developmentRegion = en;
			hasScannedForEncodings = 0;
			knownRegions = (
				en,
				Base,
			);
			mainGroup = 4479589924D1705000F52848;
			productRefGroup = 447958A424D1705000F52848 /* Products */;
			projectDirPath = "";
			projectRoot = "";
			targets = (
				447958A224D1705000F52848 /* SuperHero */,
				447958AB24D1705000F52848 /* SuperHeroTests */,
			);
		};
/* End PBXProject section */

/* Begin PBXResourcesBuildPhase section */
		447958A124D1705000F52848 /* Resources */ = {
			isa = PBXResourcesBuildPhase;
			buildActionMask = 2147483647;
			files = (
			);
			runOnlyForDeploymentPostprocessing = 0;
		};
		447958AA24D1705000F52848 /* Resources */ = {
			isa = PBXResourcesBuildPhase;
			buildActionMask = 2147483647;
			files = (
			);
			runOnlyForDeploymentPostprocessing = 0;
		};
/* End PBXResourcesBuildPhase section */

/* Begin PBXSourcesBuildPhase section */
		4479589F24D1705000F52848 /* Sources */ = {
			isa = PBXSourcesBuildPhase;
			buildActionMask = 2147483647;
			files = (
				447958CC24D1708600F52848 /* SuperHero.swift in Sources */,
			);
			runOnlyForDeploymentPostprocessing = 0;
		};
		447958A824D1705000F52848 /* Sources */ = {
			isa = PBXSourcesBuildPhase;
			buildActionMask = 2147483647;
			files = (
				447958B224D1705000F52848 /* SuperHeroTests.swift in Sources */,
			);
			runOnlyForDeploymentPostprocessing = 0;
		};
/* End PBXSourcesBuildPhase section */

/* Begin PBXTargetDependency section */
		447958AF24D1705000F52848 /* PBXTargetDependency */ = {
			isa = PBXTargetDependency;
			target = 447958A224D1705000F52848 /* SuperHero */;
			targetProxy = 447958AE24D1705000F52848 /* PBXContainerItemProxy */;
		};
/* End PBXTargetDependency section */

/* Begin XCBuildConfiguration section */
		447958B524D1705000F52848 /* Debug */ = {
			isa = XCBuildConfiguration;
			buildSettings = {
				ALWAYS_SEARCH_USER_PATHS = NO;
				CLANG_ANALYZER_NONNULL = YES;
				CLANG_ANALYZER_NUMBER_OBJECT_CONVERSION = YES_AGGRESSIVE;
				CLANG_CXX_LANGUAGE_STANDARD = "gnu++14";
				CLANG_CXX_LIBRARY = "libc++";
				CLANG_ENABLE_MODULES = YES;
				CLANG_ENABLE_OBJC_ARC = YES;
				CLANG_ENABLE_OBJC_WEAK = YES;
				CLANG_WARN_BLOCK_CAPTURE_AUTORELEASING = YES;
				CLANG_WARN_BOOL_CONVERSION = YES;
				CLANG_WARN_COMMA = YES;
				CLANG_WARN_CONSTANT_CONVERSION = YES;
				CLANG_WARN_DEPRECATED_OBJC_IMPLEMENTATIONS = YES;
				CLANG_WARN_DIRECT_OBJC_ISA_USAGE = YES_ERROR;
				CLANG_WARN_DOCUMENTATION_COMMENTS = YES;
				CLANG_WARN_EMPTY_BODY = YES;
				CLANG_WARN_ENUM_CONVERSION = YES;
				CLANG_WARN_INFINITE_RECURSION = YES;
				CLANG_WARN_INT_CONVERSION = YES;
				CLANG_WARN_NON_LITERAL_NULL_CONVERSION = YES;
				CLANG_WARN_OBJC_IMPLICIT_RETAIN_SELF = YES;
				CLANG_WARN_OBJC_LITERAL_CONVERSION = YES;
				CLANG_WARN_OBJC_ROOT_CLASS = YES_ERROR;
				CLANG_WARN_RANGE_LOOP_ANALYSIS = YES;
				CLANG_WARN_STRICT_PROTOTYPES = YES;
				CLANG_WARN_SUSPICIOUS_MOVE = YES;
				CLANG_WARN_UNGUARDED_AVAILABILITY = YES_AGGRESSIVE;
				CLANG_WARN_UNREACHABLE_CODE = YES;
				CLANG_WARN__DUPLICATE_METHOD_MATCH = YES;
				COPY_PHASE_STRIP = NO;
				CURRENT_PROJECT_VERSION = 1;
				DEBUG_INFORMATION_FORMAT = dwarf;
				ENABLE_STRICT_OBJC_MSGSEND = YES;
				ENABLE_TESTABILITY = YES;
				GCC_C_LANGUAGE_STANDARD = gnu11;
				GCC_DYNAMIC_NO_PIC = NO;
				GCC_NO_COMMON_BLOCKS = YES;
				GCC_OPTIMIZATION_LEVEL = 0;
				GCC_PREPROCESSOR_DEFINITIONS = (
					"DEBUG=1",
					"$(inherited)",
				);
				GCC_WARN_64_TO_32_BIT_CONVERSION = YES;
				GCC_WARN_ABOUT_RETURN_TYPE = YES_ERROR;
				GCC_WARN_UNDECLARED_SELECTOR = YES;
				GCC_WARN_UNINITIALIZED_AUTOS = YES_AGGRESSIVE;
				GCC_WARN_UNUSED_FUNCTION = YES;
				GCC_WARN_UNUSED_VARIABLE = YES;
				IPHONEOS_DEPLOYMENT_TARGET = 13.2;
				MTL_ENABLE_DEBUG_INFO = INCLUDE_SOURCE;
				MTL_FAST_MATH = YES;
				ONLY_ACTIVE_ARCH = YES;
				SDKROOT = iphoneos;
				SWIFT_ACTIVE_COMPILATION_CONDITIONS = DEBUG;
				SWIFT_OPTIMIZATION_LEVEL = "-Onone";
				VERSIONING_SYSTEM = "apple-generic";
				VERSION_INFO_PREFIX = "";
			};
			name = Debug;
		};
		447958B624D1705000F52848 /* Release */ = {
			isa = XCBuildConfiguration;
			buildSettings = {
				ALWAYS_SEARCH_USER_PATHS = NO;
				CLANG_ANALYZER_NONNULL = YES;
				CLANG_ANALYZER_NUMBER_OBJECT_CONVERSION = YES_AGGRESSIVE;
				CLANG_CXX_LANGUAGE_STANDARD = "gnu++14";
				CLANG_CXX_LIBRARY = "libc++";
				CLANG_ENABLE_MODULES = YES;
				CLANG_ENABLE_OBJC_ARC = YES;
				CLANG_ENABLE_OBJC_WEAK = YES;
				CLANG_WARN_BLOCK_CAPTURE_AUTORELEASING = YES;
				CLANG_WARN_BOOL_CONVERSION = YES;
				CLANG_WARN_COMMA = YES;
				CLANG_WARN_CONSTANT_CONVERSION = YES;
				CLANG_WARN_DEPRECATED_OBJC_IMPLEMENTATIONS = YES;
				CLANG_WARN_DIRECT_OBJC_ISA_USAGE = YES_ERROR;
				CLANG_WARN_DOCUMENTATION_COMMENTS = YES;
				CLANG_WARN_EMPTY_BODY = YES;
				CLANG_WARN_ENUM_CONVERSION = YES;
				CLANG_WARN_INFINITE_RECURSION = YES;
				CLANG_WARN_INT_CONVERSION = YES;
				CLANG_WARN_NON_LITERAL_NULL_CONVERSION = YES;
				CLANG_WARN_OBJC_IMPLICIT_RETAIN_SELF = YES;
				CLANG_WARN_OBJC_LITERAL_CONVERSION = YES;
				CLANG_WARN_OBJC_ROOT_CLASS = YES_ERROR;
				CLANG_WARN_RANGE_LOOP_ANALYSIS = YES;
				CLANG_WARN_STRICT_PROTOTYPES = YES;
				CLANG_WARN_SUSPICIOUS_MOVE = YES;
				CLANG_WARN_UNGUARDED_AVAILABILITY = YES_AGGRESSIVE;
				CLANG_WARN_UNREACHABLE_CODE = YES;
				CLANG_WARN__DUPLICATE_METHOD_MATCH = YES;
				COPY_PHASE_STRIP = NO;
				CURRENT_PROJECT_VERSION = 1;
				DEBUG_INFORMATION_FORMAT = "dwarf-with-dsym";
				ENABLE_NS_ASSERTIONS = NO;
				ENABLE_STRICT_OBJC_MSGSEND = YES;
				GCC_C_LANGUAGE_STANDARD = gnu11;
				GCC_NO_COMMON_BLOCKS = YES;
				GCC_WARN_64_TO_32_BIT_CONVERSION = YES;
				GCC_WARN_ABOUT_RETURN_TYPE = YES_ERROR;
				GCC_WARN_UNDECLARED_SELECTOR = YES;
				GCC_WARN_UNINITIALIZED_AUTOS = YES_AGGRESSIVE;
				GCC_WARN_UNUSED_FUNCTION = YES;
				GCC_WARN_UNUSED_VARIABLE = YES;
				IPHONEOS_DEPLOYMENT_TARGET = 13.2;
				MTL_ENABLE_DEBUG_INFO = NO;
				MTL_FAST_MATH = YES;
				SDKROOT = iphoneos;
				SWIFT_COMPILATION_MODE = wholemodule;
				SWIFT_OPTIMIZATION_LEVEL = "-O";
				VALIDATE_PRODUCT = YES;
				VERSIONING_SYSTEM = "apple-generic";
				VERSION_INFO_PREFIX = "";
			};
			name = Release;
		};
		447958B824D1705000F52848 /* Debug */ = {
			isa = XCBuildConfiguration;
			buildSettings = {
				CLANG_ENABLE_MODULES = YES;
				CODE_SIGN_STYLE = Automatic;
				DEFINES_MODULE = YES;
				DEVELOPMENT_TEAM = AUBG48CJZ6;
				DYLIB_COMPATIBILITY_VERSION = 1;
				DYLIB_CURRENT_VERSION = 1;
				DYLIB_INSTALL_NAME_BASE = "@rpath";
				INFOPLIST_FILE = SuperHero/Info.plist;
				INSTALL_PATH = "$(LOCAL_LIBRARY_DIR)/Frameworks";
				LD_RUNPATH_SEARCH_PATHS = (
					"$(inherited)",
					"@executable_path/Frameworks",
					"@loader_path/Frameworks",
				);
				PRODUCT_BUNDLE_IDENTIFIER = thongpak21.SuperHero;
				PRODUCT_NAME = "$(TARGET_NAME:c99extidentifier)";
				SKIP_INSTALL = YES;
				SWIFT_OPTIMIZATION_LEVEL = "-Onone";
				SWIFT_VERSION = 5.0;
				TARGETED_DEVICE_FAMILY = "1,2";
			};
			name = Debug;
		};
		447958B924D1705000F52848 /* Release */ = {
			isa = XCBuildConfiguration;
			buildSettings = {
				CLANG_ENABLE_MODULES = YES;
				CODE_SIGN_STYLE = Automatic;
				DEFINES_MODULE = YES;
				DEVELOPMENT_TEAM = AUBG48CJZ6;
				DYLIB_COMPATIBILITY_VERSION = 1;
				DYLIB_CURRENT_VERSION = 1;
				DYLIB_INSTALL_NAME_BASE = "@rpath";
				INFOPLIST_FILE = SuperHero/Info.plist;
				INSTALL_PATH = "$(LOCAL_LIBRARY_DIR)/Frameworks";
				LD_RUNPATH_SEARCH_PATHS = (
					"$(inherited)",
					"@executable_path/Frameworks",
					"@loader_path/Frameworks",
				);
				PRODUCT_BUNDLE_IDENTIFIER = thongpak21.SuperHero;
				PRODUCT_NAME = "$(TARGET_NAME:c99extidentifier)";
				SKIP_INSTALL = YES;
				SWIFT_VERSION = 5.0;
				TARGETED_DEVICE_FAMILY = "1,2";
			};
			name = Release;
		};
		447958BB24D1705000F52848 /* Debug */ = {
			isa = XCBuildConfiguration;
			buildSettings = {
				ALWAYS_EMBED_SWIFT_STANDARD_LIBRARIES = YES;
				CODE_SIGN_STYLE = Automatic;
				DEVELOPMENT_TEAM = AUBG48CJZ6;
				INFOPLIST_FILE = SuperHeroTests/Info.plist;
				LD_RUNPATH_SEARCH_PATHS = (
					"$(inherited)",
					"@executable_path/Frameworks",
					"@loader_path/Frameworks",
				);
				PRODUCT_BUNDLE_IDENTIFIER = thongpak21.SuperHeroTests;
				PRODUCT_NAME = "$(TARGET_NAME)";
				SWIFT_VERSION = 5.0;
				TARGETED_DEVICE_FAMILY = "1,2";
			};
			name = Debug;
		};
		447958BC24D1705000F52848 /* Release */ = {
			isa = XCBuildConfiguration;
			buildSettings = {
				ALWAYS_EMBED_SWIFT_STANDARD_LIBRARIES = YES;
				CODE_SIGN_STYLE = Automatic;
				DEVELOPMENT_TEAM = AUBG48CJZ6;
				INFOPLIST_FILE = SuperHeroTests/Info.plist;
				LD_RUNPATH_SEARCH_PATHS = (
					"$(inherited)",
					"@executable_path/Frameworks",
					"@loader_path/Frameworks",
				);
				PRODUCT_BUNDLE_IDENTIFIER = thongpak21.SuperHeroTests;
				PRODUCT_NAME = "$(TARGET_NAME)";
				SWIFT_VERSION = 5.0;
				TARGETED_DEVICE_FAMILY = "1,2";
			};
			name = Release;
		};
/* End XCBuildConfiguration section */

/* Begin XCConfigurationList section */
		4479589D24D1705000F52848 /* Build configuration list for PBXProject "SuperHero" */ = {
			isa = XCConfigurationList;
			buildConfigurations = (
				447958B524D1705000F52848 /* Debug */,
				447958B624D1705000F52848 /* Release */,
			);
			defaultConfigurationIsVisible = 0;
			defaultConfigurationName = Release;
		};
		447958B724D1705000F52848 /* Build configuration list for PBXNativeTarget "SuperHero" */ = {
			isa = XCConfigurationList;
			buildConfigurations = (
				447958B824D1705000F52848 /* Debug */,
				447958B924D1705000F52848 /* Release */,
			);
			defaultConfigurationIsVisible = 0;
			defaultConfigurationName = Release;
		};
		447958BA24D1705000F52848 /* Build configuration list for PBXNativeTarget "SuperHeroTests" */ = {
			isa = XCConfigurationList;
			buildConfigurations = (
				447958BB24D1705000F52848 /* Debug */,
				447958BC24D1705000F52848 /* Release */,
			);
			defaultConfigurationIsVisible = 0;
			defaultConfigurationName = Release;
		};
/* End XCConfigurationList section */
	};
	rootObject = 4479589A24D1705000F52848 /* Project object */;
}
